
Microsoft Visual Studio Solution File, Format Version 12.00
# Visual Studio 15
VisualStudioVersion = 15.0.28307.852
MinimumVisualStudioVersion = 10.0.40219.1
Project("{FAE04EC0-301F-11D3-BF4B-00C04F79EFBC}") = "MH_TINHTONG.Android", "MH_TINHTONG\MH_TINHTONG.Android\MH_TINHTONG.Android.csproj", "{02725009-CEA1-4440-9524-1D78D23B4074}"
EndProject
Project("{FAE04EC0-301F-11D3-BF4B-00C04F79EFBC}") = "MH_TINHTONG.iOS", "MH_TINHTONG\MH_TINHTONG.iOS\MH_TINHTONG.iOS.csproj", "{DE83F943-8BFA-4393-A767-68446E242A74}"
EndProject
Project("{FAE04EC0-301F-11D3-BF4B-00C04F79EFBC}") = "MH_TINHTONG", "MH_TINHTONG\MH_TINHTONG\MH_TINHTONG.csproj", "{F9352CCA-07D7-4FFF-98E9-F7A58EC98E31}"
EndProject
Global
	GlobalSection(SolutionConfigurationPlatforms) = preSolution
		Ad-Hoc|Any CPU = Ad-Hoc|Any CPU
		Ad-Hoc|iPhone = Ad-Hoc|iPhone
		Ad-Hoc|iPhoneSimulator = Ad-Hoc|iPhoneSimulator
		AppStore|Any CPU = AppStore|Any CPU
		AppStore|iPhone = AppStore|iPhone
		AppStore|iPhoneSimulator = AppStore|iPhoneSimulator
		Debug|Any CPU = Debug|Any CPU
		Debug|iPhone = Debug|iPhone
		Debug|iPhoneSimulator = Debug|iPhoneSimulator
		Release|Any CPU = Release|Any CPU
		Release|iPhone = Release|iPhone
		Release|iPhoneSimulator = Release|iPhoneSimulator
	EndGlobalSection
	GlobalSection(ProjectConfigurationPlatforms) = postSolution
		{02725009-CEA1-4440-9524-1D78D23B4074}.Ad-Hoc|Any CPU.ActiveCfg = Release|Any CPU
		{02725009-CEA1-4440-9524-1D78D23B4074}.Ad-Hoc|Any CPU.Build.0 = Release|Any CPU
		{02725009-CEA1-4440-9524-1D78D23B4074}.Ad-Hoc|Any CPU.Deploy.0 = Release|Any CPU
		{02725009-CEA1-4440-9524-1D78D23B4074}.Ad-Hoc|iPhone.ActiveCfg = Release|Any CPU
		{02725009-CEA1-4440-9524-1D78D23B4074}.Ad-Hoc|iPhone.Build.0 = Release|Any CPU
		{02725009-CEA1-4440-9524-1D78D23B4074}.Ad-Hoc|iPhone.Deploy.0 = Release|Any CPU
		{02725009-CEA1-4440-9524-1D78D23B4074}.Ad-Hoc|iPhoneSimulator.ActiveCfg = Release|Any CPU
		{02725009-CEA1-4440-9524-1D78D23B4074}.Ad-Hoc|iPhoneSimulator.Build.0 = Release|Any CPU
		{02725009-CEA1-4440-9524-1D78D23B4074}.Ad-Hoc|iPhoneSimulator.Deploy.0 = Release|Any CPU
		{02725009-CEA1-4440-9524-1D78D23B4074}.AppStore|Any CPU.ActiveCfg = Release|Any CPU
		{02725009-CEA1-4440-9524-1D78D23B4074}.AppStore|Any CPU.Build.0 = Release|Any CPU
		{02725009-CEA1-4440-9524-1D78D23B4074}.AppStore|Any CPU.Deploy.0 = Release|Any CPU
		{02725009-CEA1-4440-9524-1D78D23B4074}.AppStore|iPhone.ActiveCfg = Release|Any CPU
		{02725009-CEA1-4440-9524-1D78D23B4074}.AppStore|iPhone.Build.0 = Release|Any CPU
		{02725009-CEA1-4440-9524-1D78D23B4074}.AppStore|iPhone.Deploy.0 = Release|Any CPU
		{02725009-CEA1-4440-9524-1D78D23B4074}.AppStore|iPhoneSimulator.ActiveCfg = Release|Any CPU
		{02725009-CEA1-4440-9524-1D78D23B4074}.AppStore|iPhoneSimulator.Build.0 = Release|Any CPU
		{02725009-CEA1-4440-9524-1D78D23B4074}.AppStore|iPhoneSimulator.Deploy.0 = Release|Any CPU
		{02725009-CEA1-4440-9524-1D78D23B4074}.Debug|Any CPU.ActiveCfg = Debug|Any CPU
		{02725009-CEA1-4440-9524-1D78D23B4074}.Debug|Any CPU.Build.0 = Debug|Any CPU
		{02725009-CEA1-4440-9524-1D78D23B4074}.Debug|Any CPU.Deploy.0 = Debug|Any CPU
		{02725009-CEA1-4440-9524-1D78D23B4074}.Debug|iPhone.ActiveCfg = Debug|Any CPU
		{02725009-CEA1-4440-9524-1D78D23B4074}.Debug|iPhone.Build.0 = Debug|Any CPU
		{02725009-CEA1-4440-9524-1D78D23B4074}.Debug|iPhone.Deploy.0 = Debug|Any CPU
		{02725009-CEA1-4440-9524-1D78D23B4074}.Debug|iPhoneSimulator.ActiveCfg = Debug|Any CPU
		{02725009-CEA1-4440-9524-1D78D23B4074}.Debug|iPhoneSimulator.Build.0 = Debug|Any CPU
		{02725009-CEA1-4440-9524-1D78D23B4074}.Debug|iPhoneSimulator.Deploy.0 = Debug|Any CPU
		{02725009-CEA1-4440-9524-1D78D23B4074}.Release|Any CPU.ActiveCfg = Release|Any CPU
		{02725009-CEA1-4440-9524-1D78D23B4074}.Release|Any CPU.Build.0 = Release|Any CPU
		{02725009-CEA1-4440-9524-1D78D23B4074}.Release|Any CPU.Deploy.0 = Release|Any CPU
		{02725009-CEA1-4440-9524-1D78D23B4074}.Release|iPhone.ActiveCfg = Release|Any CPU
		{02725009-CEA1-4440-9524-1D78D23B4074}.Release|iPhone.Build.0 = Release|Any CPU
		{02725009-CEA1-4440-9524-1D78D23B4074}.Release|iPhone.Deploy.0 = Release|Any CPU
		{02725009-CEA1-4440-9524-1D78D23B4074}.Release|iPhoneSimulator.ActiveCfg = Release|Any CPU
		{02725009-CEA1-4440-9524-1D78D23B4074}.Release|iPhoneSimulator.Build.0 = Release|Any CPU
		{02725009-CEA1-4440-9524-1D78D23B4074}.Release|iPhoneSimulator.Deploy.0 = Release|Any CPU
		{DE83F943-8BFA-4393-A767-68446E242A74}.Ad-Hoc|Any CPU.ActiveCfg = Ad-Hoc|iPhone
		{DE83F943-8BFA-4393-A767-68446E242A74}.Ad-Hoc|Any CPU.Build.0 = Ad-Hoc|iPhone
		{DE83F943-8BFA-4393-A767-68446E242A74}.Ad-Hoc|Any CPU.Deploy.0 = Ad-Hoc|iPhone
		{DE83F943-8BFA-4393-A767-68446E242A74}.Ad-Hoc|iPhone.ActiveCfg = Ad-Hoc|iPhone
		{DE83F943-8BFA-4393-A767-68446E242A74}.Ad-Hoc|iPhone.Build.0 = Ad-Hoc|iPhone
		{DE83F943-8BFA-4393-A767-68446E242A74}.Ad-Hoc|iPhone.Deploy.0 = Ad-Hoc|iPhone
		{DE83F943-8BFA-4393-A767-68446E242A74}.Ad-Hoc|iPhoneSimulator.ActiveCfg = Ad-Hoc|iPhoneSimulator
		{DE83F943-8BFA-4393-A767-68446E242A74}.Ad-Hoc|iPhoneSimulator.Build.0 = Ad-Hoc|iPhoneSimulator
		{DE83F943-8BFA-4393-A767-68446E242A74}.Ad-Hoc|iPhoneSimulator.Deploy.0 = Ad-Hoc|iPhoneSimulator
		{DE83F943-8BFA-4393-A767-68446E242A74}.AppStore|Any CPU.ActiveCfg = AppStore|iPhone
		{DE83F943-8BFA-4393-A767-68446E242A74}.AppStore|Any CPU.Build.0 = AppStore|iPhone
		{DE83F943-8BFA-4393-A767-68446E242A74}.AppStore|Any CPU.Deploy.0 = AppStore|iPhone
		{DE83F943-8BFA-4393-A767-68446E242A74}.AppStore|iPhone.ActiveCfg = AppStore|iPhone
		{DE83F943-8BFA-4393-A767-68446E242A74}.AppStore|iPhone.Build.0 = AppStore|iPhone
		{DE83F943-8BFA-4393-A767-68446E242A74}.AppStore|iPhone.Deploy.0 = AppStore|iPhone
		{DE83F943-8BFA-4393-A767-68446E242A74}.AppStore|iPhoneSimulator.ActiveCfg = AppStore|iPhoneSimulator
		{DE83F943-8BFA-4393-A767-68446E242A74}.AppStore|iPhoneSimulator.Build.0 = AppStore|iPhoneSimulator
		{DE83F943-8BFA-4393-A767-68446E242A74}.AppStore|iPhoneSimulator.Deploy.0 = AppStore|iPhoneSimulator
		{DE83F943-8BFA-4393-A767-68446E242A74}.Debug|Any CPU.ActiveCfg = Debug|iPhoneSimulator
		{DE83F943-8BFA-4393-A767-68446E242A74}.Debug|Any CPU.Build.0 = Debug|iPhoneSimulator
		{DE83F943-8BFA-4393-A767-68446E242A74}.Debug|Any CPU.Deploy.0 = Debug|iPhoneSimulator
		{DE83F943-8BFA-4393-A767-68446E242A74}.Debug|iPhone.ActiveCfg = Debug|iPhone
		{DE83F943-8BFA-4393-A767-68446E242A74}.Debug|iPhone.Build.0 = Debug|iPhone
		{DE83F943-8BFA-4393-A767-68446E242A74}.Debug|iPhone.Deploy.0 = Debug|iPhone
		{DE83F943-8BFA-4393-A767-68446E242A74}.Debug|iPhoneSimulator.ActiveCfg = Debug|iPhoneSimulator
		{DE83F943-8BFA-4393-A767-68446E242A74}.Debug|iPhoneSimulator.Build.0 = Debug|iPhoneSimulator
		{DE83F943-8BFA-4393-A767-68446E242A74}.Debug|iPhoneSimulator.Deploy.0 = Debug|iPhoneSimulator
		{DE83F943-8BFA-4393-A767-68446E242A74}.Release|Any CPU.ActiveCfg = Release|iPhone
		{DE83F943-8BFA-4393-A767-68446E242A74}.Release|Any CPU.Build.0 = Release|iPhone
		{DE83F943-8BFA-4393-A767-68446E242A74}.Release|Any CPU.Deploy.0 = Release|iPhone
		{DE83F943-8BFA-4393-A767-68446E242A74}.Release|iPhone.ActiveCfg = Release|iPhone
		{DE83F943-8BFA-4393-A767-68446E242A74}.Release|iPhone.Build.0 = Release|iPhone
		{DE83F943-8BFA-4393-A767-68446E242A74}.Release|iPhone.Deploy.0 = Release|iPhone
		{DE83F943-8BFA-4393-A767-68446E242A74}.Release|iPhoneSimulator.ActiveCfg = Release|iPhoneSimulator
		{DE83F943-8BFA-4393-A767-68446E242A74}.Release|iPhoneSimulator.Build.0 = Release|iPhoneSimulator
		{DE83F943-8BFA-4393-A767-68446E242A74}.Release|iPhoneSimulator.Deploy.0 = Release|iPhoneSimulator
		{F9352CCA-07D7-4FFF-98E9-F7A58EC98E31}.Ad-Hoc|Any CPU.ActiveCfg = Debug|Any CPU
		{F9352CCA-07D7-4FFF-98E9-F7A58EC98E31}.Ad-Hoc|Any CPU.Build.0 = Debug|Any CPU
		{F9352CCA-07D7-4FFF-98E9-F7A58EC98E31}.Ad-Hoc|Any CPU.Deploy.0 = Debug|Any CPU
		{F9352CCA-07D7-4FFF-98E9-F7A58EC98E31}.Ad-Hoc|iPhone.ActiveCfg = Debug|Any CPU
		{F9352CCA-07D7-4FFF-98E9-F7A58EC98E31}.Ad-Hoc|iPhone.Build.0 = Debug|Any CPU
		{F9352CCA-07D7-4FFF-98E9-F7A58EC98E31}.Ad-Hoc|iPhone.Deploy.0 = Debug|Any CPU
		{F9352CCA-07D7-4FFF-98E9-F7A58EC98E31}.Ad-Hoc|iPhoneSimulator.ActiveCfg = Debug|Any CPU
		{F9352CCA-07D7-4FFF-98E9-F7A58EC98E31}.Ad-Hoc|iPhoneSimulator.Build.0 = Debug|Any CPU
		{F9352CCA-07D7-4FFF-98E9-F7A58EC98E31}.Ad-Hoc|iPhoneSimulator.Deploy.0 = Debug|Any CPU
		{F9352CCA-07D7-4FFF-98E9-F7A58EC98E31}.AppStore|Any CPU.ActiveCfg = Debug|Any CPU
		{F9352CCA-07D7-4FFF-98E9-F7A58EC98E31}.AppStore|Any CPU.Build.0 = Debug|Any CPU
		{F9352CCA-07D7-4FFF-98E9-F7A58EC98E31}.AppStore|Any CPU.Deploy.0 = Debug|Any CPU
		{F9352CCA-07D7-4FFF-98E9-F7A58EC98E31}.AppStore|iPhone.ActiveCfg = Debug|Any CPU
		{F9352CCA-07D7-4FFF-98E9-F7A58EC98E31}.AppStore|iPhone.Build.0 = Debug|Any CPU
		{F9352CCA-07D7-4FFF-98E9-F7A58EC98E31}.AppStore|iPhone.Deploy.0 = Debug|Any CPU
		{F9352CCA-07D7-4FFF-98E9-F7A58EC98E31}.AppStore|iPhoneSimulator.ActiveCfg = Debug|Any CPU
		{F9352CCA-07D7-4FFF-98E9-F7A58EC98E31}.AppStore|iPhoneSimulator.Build.0 = Debug|Any CPU
		{F9352CCA-07D7-4FFF-98E9-F7A58EC98E31}.AppStore|iPhoneSimulator.Deploy.0 = Debug|Any CPU
		{F9352CCA-07D7-4FFF-98E9-F7A58EC98E31}.Debug|Any CPU.ActiveCfg = Debug|Any CPU
		{F9352CCA-07D7-4FFF-98E9-F7A58EC98E31}.Debug|Any CPU.Build.0 = Debug|Any CPU
		{F9352CCA-07D7-4FFF-98E9-F7A58EC98E31}.Debug|Any CPU.Deploy.0 = Debug|Any CPU
		{F9352CCA-07D7-4FFF-98E9-F7A58EC98E31}.Debug|iPhone.ActiveCfg = Debug|Any CPU
		{F9352CCA-07D7-4FFF-98E9-F7A58EC98E31}.Debug|iPhone.Build.0 = Debug|Any CPU
		{F9352CCA-07D7-4FFF-98E9-F7A58EC98E31}.Debug|iPhone.Deploy.0 = Debug|Any CPU
		{F9352CCA-07D7-4FFF-98E9-F7A58EC98E31}.Debug|iPhoneSimulator.ActiveCfg = Debug|Any CPU
		{F9352CCA-07D7-4FFF-98E9-F7A58EC98E31}.Debug|iPhoneSimulator.Build.0 = Debug|Any CPU
		{F9352CCA-07D7-4FFF-98E9-F7A58EC98E31}.Debug|iPhoneSimulator.Deploy.0 = Debug|Any CPU
		{F9352CCA-07D7-4FFF-98E9-F7A58EC98E31}.Release|Any CPU.ActiveCfg = Release|Any CPU
		{F9352CCA-07D7-4FFF-98E9-F7A58EC98E31}.Release|Any CPU.Build.0 = Release|Any CPU
		{F9352CCA-07D7-4FFF-98E9-F7A58EC98E31}.Release|Any CPU.Deploy.0 = Release|Any CPU
		{F9352CCA-07D7-4FFF-98E9-F7A58EC98E31}.Release|iPhone.ActiveCfg = Release|Any CPU
		{F9352CCA-07D7-4FFF-98E9-F7A58EC98E31}.Release|iPhone.Build.0 = Release|Any CPU
		{F9352CCA-07D7-4FFF-98E9-F7A58EC98E31}.Release|iPhone.Deploy.0 = Release|Any CPU
		{F9352CCA-07D7-4FFF-98E9-F7A58EC98E31}.Release|iPhoneSimulator.ActiveCfg = Release|Any CPU
		{F9352CCA-07D7-4FFF-98E9-F7A58EC98E31}.Release|iPhoneSimulator.Build.0 = Release|Any CPU
		{F9352CCA-07D7-4FFF-98E9-F7A58EC98E31}.Release|iPhoneSimulator.Deploy.0 = Release|Any CPU
	EndGlobalSection
	GlobalSection(SolutionProperties) = preSolution
		HideSolutionNode = FALSE
	EndGlobalSection
	GlobalSection(ExtensibilityGlobals) = postSolution
		SolutionGuid = {3CAA64CC-E87F-46F2-9067-450960E72906}
	EndGlobalSection
EndGlobal
