
Microsoft Visual Studio Solution File, Format Version 12.00
# Visual Studio 15
VisualStudioVersion = 15.0.28307.852
MinimumVisualStudioVersion = 10.0.40219.1
Project("{FAE04EC0-301F-11D3-BF4B-00C04F79EFBC}") = "LOGIN.Android", "LOGIN\LOGIN.Android\LOGIN.Android.csproj", "{A0797204-8101-421E-9D74-50E35174B0E2}"
EndProject
Project("{FAE04EC0-301F-11D3-BF4B-00C04F79EFBC}") = "LOGIN.iOS", "LOGIN\LOGIN.iOS\LOGIN.iOS.csproj", "{48335695-6032-467C-8ECF-01E496A84A4F}"
EndProject
Project("{FAE04EC0-301F-11D3-BF4B-00C04F79EFBC}") = "LOGIN", "LOGIN\LOGIN\LOGIN.csproj", "{6574FDC0-8091-4A49-9CA3-3B5F53F9931E}"
EndProject
Global
	GlobalSection(SolutionConfigurationPlatforms) = preSolution
		Ad-Hoc|Any CPU = Ad-Hoc|Any CPU
		Ad-Hoc|iPhone = Ad-Hoc|iPhone
		Ad-Hoc|iPhoneSimulator = Ad-Hoc|iPhoneSimulator
		AppStore|Any CPU = AppStore|Any CPU
		AppStore|iPhone = AppStore|iPhone
		AppStore|iPhoneSimulator = AppStore|iPhoneSimulator
		Debug|Any CPU = Debug|Any CPU
		Debug|iPhone = Debug|iPhone
		Debug|iPhoneSimulator = Debug|iPhoneSimulator
		Release|Any CPU = Release|Any CPU
		Release|iPhone = Release|iPhone
		Release|iPhoneSimulator = Release|iPhoneSimulator
	EndGlobalSection
	GlobalSection(ProjectConfigurationPlatforms) = postSolution
		{A0797204-8101-421E-9D74-50E35174B0E2}.Ad-Hoc|Any CPU.ActiveCfg = Release|Any CPU
		{A0797204-8101-421E-9D74-50E35174B0E2}.Ad-Hoc|Any CPU.Build.0 = Release|Any CPU
		{A0797204-8101-421E-9D74-50E35174B0E2}.Ad-Hoc|Any CPU.Deploy.0 = Release|Any CPU
		{A0797204-8101-421E-9D74-50E35174B0E2}.Ad-Hoc|iPhone.ActiveCfg = Release|Any CPU
		{A0797204-8101-421E-9D74-50E35174B0E2}.Ad-Hoc|iPhone.Build.0 = Release|Any CPU
		{A0797204-8101-421E-9D74-50E35174B0E2}.Ad-Hoc|iPhone.Deploy.0 = Release|Any CPU
		{A0797204-8101-421E-9D74-50E35174B0E2}.Ad-Hoc|iPhoneSimulator.ActiveCfg = Release|Any CPU
		{A0797204-8101-421E-9D74-50E35174B0E2}.Ad-Hoc|iPhoneSimulator.Build.0 = Release|Any CPU
		{A0797204-8101-421E-9D74-50E35174B0E2}.Ad-Hoc|iPhoneSimulator.Deploy.0 = Release|Any CPU
		{A0797204-8101-421E-9D74-50E35174B0E2}.AppStore|Any CPU.ActiveCfg = Release|Any CPU
		{A0797204-8101-421E-9D74-50E35174B0E2}.AppStore|Any CPU.Build.0 = Release|Any CPU
		{A0797204-8101-421E-9D74-50E35174B0E2}.AppStore|Any CPU.Deploy.0 = Release|Any CPU
		{A0797204-8101-421E-9D74-50E35174B0E2}.AppStore|iPhone.ActiveCfg = Release|Any CPU
		{A0797204-8101-421E-9D74-50E35174B0E2}.AppStore|iPhone.Build.0 = Release|Any CPU
		{A0797204-8101-421E-9D74-50E35174B0E2}.AppStore|iPhone.Deploy.0 = Release|Any CPU
		{A0797204-8101-421E-9D74-50E35174B0E2}.AppStore|iPhoneSimulator.ActiveCfg = Release|Any CPU
		{A0797204-8101-421E-9D74-50E35174B0E2}.AppStore|iPhoneSimulator.Build.0 = Release|Any CPU
		{A0797204-8101-421E-9D74-50E35174B0E2}.AppStore|iPhoneSimulator.Deploy.0 = Release|Any CPU
		{A0797204-8101-421E-9D74-50E35174B0E2}.Debug|Any CPU.ActiveCfg = Debug|Any CPU
		{A0797204-8101-421E-9D74-50E35174B0E2}.Debug|Any CPU.Build.0 = Debug|Any CPU
		{A0797204-8101-421E-9D74-50E35174B0E2}.Debug|Any CPU.Deploy.0 = Debug|Any CPU
		{A0797204-8101-421E-9D74-50E35174B0E2}.Debug|iPhone.ActiveCfg = Debug|Any CPU
		{A0797204-8101-421E-9D74-50E35174B0E2}.Debug|iPhone.Build.0 = Debug|Any CPU
		{A0797204-8101-421E-9D74-50E35174B0E2}.Debug|iPhone.Deploy.0 = Debug|Any CPU
		{A0797204-8101-421E-9D74-50E35174B0E2}.Debug|iPhoneSimulator.ActiveCfg = Debug|Any CPU
		{A0797204-8101-421E-9D74-50E35174B0E2}.Debug|iPhoneSimulator.Build.0 = Debug|Any CPU
		{A0797204-8101-421E-9D74-50E35174B0E2}.Debug|iPhoneSimulator.Deploy.0 = Debug|Any CPU
		{A0797204-8101-421E-9D74-50E35174B0E2}.Release|Any CPU.ActiveCfg = Release|Any CPU
		{A0797204-8101-421E-9D74-50E35174B0E2}.Release|Any CPU.Build.0 = Release|Any CPU
		{A0797204-8101-421E-9D74-50E35174B0E2}.Release|Any CPU.Deploy.0 = Release|Any CPU
		{A0797204-8101-421E-9D74-50E35174B0E2}.Release|iPhone.ActiveCfg = Release|Any CPU
		{A0797204-8101-421E-9D74-50E35174B0E2}.Release|iPhone.Build.0 = Release|Any CPU
		{A0797204-8101-421E-9D74-50E35174B0E2}.Release|iPhone.Deploy.0 = Release|Any CPU
		{A0797204-8101-421E-9D74-50E35174B0E2}.Release|iPhoneSimulator.ActiveCfg = Release|Any CPU
		{A0797204-8101-421E-9D74-50E35174B0E2}.Release|iPhoneSimulator.Build.0 = Release|Any CPU
		{A0797204-8101-421E-9D74-50E35174B0E2}.Release|iPhoneSimulator.Deploy.0 = Release|Any CPU
		{48335695-6032-467C-8ECF-01E496A84A4F}.Ad-Hoc|Any CPU.ActiveCfg = Ad-Hoc|iPhone
		{48335695-6032-467C-8ECF-01E496A84A4F}.Ad-Hoc|Any CPU.Build.0 = Ad-Hoc|iPhone
		{48335695-6032-467C-8ECF-01E496A84A4F}.Ad-Hoc|Any CPU.Deploy.0 = Ad-Hoc|iPhone
		{48335695-6032-467C-8ECF-01E496A84A4F}.Ad-Hoc|iPhone.ActiveCfg = Ad-Hoc|iPhone
		{48335695-6032-467C-8ECF-01E496A84A4F}.Ad-Hoc|iPhone.Build.0 = Ad-Hoc|iPhone
		{48335695-6032-467C-8ECF-01E496A84A4F}.Ad-Hoc|iPhone.Deploy.0 = Ad-Hoc|iPhone
		{48335695-6032-467C-8ECF-01E496A84A4F}.Ad-Hoc|iPhoneSimulator.ActiveCfg = Ad-Hoc|iPhoneSimulator
		{48335695-6032-467C-8ECF-01E496A84A4F}.Ad-Hoc|iPhoneSimulator.Build.0 = Ad-Hoc|iPhoneSimulator
		{48335695-6032-467C-8ECF-01E496A84A4F}.Ad-Hoc|iPhoneSimulator.Deploy.0 = Ad-Hoc|iPhoneSimulator
		{48335695-6032-467C-8ECF-01E496A84A4F}.AppStore|Any CPU.ActiveCfg = AppStore|iPhone
		{48335695-6032-467C-8ECF-01E496A84A4F}.AppStore|Any CPU.Build.0 = AppStore|iPhone
		{48335695-6032-467C-8ECF-01E496A84A4F}.AppStore|Any CPU.Deploy.0 = AppStore|iPhone
		{48335695-6032-467C-8ECF-01E496A84A4F}.AppStore|iPhone.ActiveCfg = AppStore|iPhone
		{48335695-6032-467C-8ECF-01E496A84A4F}.AppStore|iPhone.Build.0 = AppStore|iPhone
		{48335695-6032-467C-8ECF-01E496A84A4F}.AppStore|iPhone.Deploy.0 = AppStore|iPhone
		{48335695-6032-467C-8ECF-01E496A84A4F}.AppStore|iPhoneSimulator.ActiveCfg = AppStore|iPhoneSimulator
		{48335695-6032-467C-8ECF-01E496A84A4F}.AppStore|iPhoneSimulator.Build.0 = AppStore|iPhoneSimulator
		{48335695-6032-467C-8ECF-01E496A84A4F}.AppStore|iPhoneSimulator.Deploy.0 = AppStore|iPhoneSimulator
		{48335695-6032-467C-8ECF-01E496A84A4F}.Debug|Any CPU.ActiveCfg = Debug|iPhoneSimulator
		{48335695-6032-467C-8ECF-01E496A84A4F}.Debug|Any CPU.Build.0 = Debug|iPhoneSimulator
		{48335695-6032-467C-8ECF-01E496A84A4F}.Debug|Any CPU.Deploy.0 = Debug|iPhoneSimulator
		{48335695-6032-467C-8ECF-01E496A84A4F}.Debug|iPhone.ActiveCfg = Debug|iPhone
		{48335695-6032-467C-8ECF-01E496A84A4F}.Debug|iPhone.Build.0 = Debug|iPhone
		{48335695-6032-467C-8ECF-01E496A84A4F}.Debug|iPhone.Deploy.0 = Debug|iPhone
		{48335695-6032-467C-8ECF-01E496A84A4F}.Debug|iPhoneSimulator.ActiveCfg = Debug|iPhoneSimulator
		{48335695-6032-467C-8ECF-01E496A84A4F}.Debug|iPhoneSimulator.Build.0 = Debug|iPhoneSimulator
		{48335695-6032-467C-8ECF-01E496A84A4F}.Debug|iPhoneSimulator.Deploy.0 = Debug|iPhoneSimulator
		{48335695-6032-467C-8ECF-01E496A84A4F}.Release|Any CPU.ActiveCfg = Release|iPhone
		{48335695-6032-467C-8ECF-01E496A84A4F}.Release|Any CPU.Build.0 = Release|iPhone
		{48335695-6032-467C-8ECF-01E496A84A4F}.Release|Any CPU.Deploy.0 = Release|iPhone
		{48335695-6032-467C-8ECF-01E496A84A4F}.Release|iPhone.ActiveCfg = Release|iPhone
		{48335695-6032-467C-8ECF-01E496A84A4F}.Release|iPhone.Build.0 = Release|iPhone
		{48335695-6032-467C-8ECF-01E496A84A4F}.Release|iPhone.Deploy.0 = Release|iPhone
		{48335695-6032-467C-8ECF-01E496A84A4F}.Release|iPhoneSimulator.ActiveCfg = Release|iPhoneSimulator
		{48335695-6032-467C-8ECF-01E496A84A4F}.Release|iPhoneSimulator.Build.0 = Release|iPhoneSimulator
		{48335695-6032-467C-8ECF-01E496A84A4F}.Release|iPhoneSimulator.Deploy.0 = Release|iPhoneSimulator
		{6574FDC0-8091-4A49-9CA3-3B5F53F9931E}.Ad-Hoc|Any CPU.ActiveCfg = Debug|Any CPU
		{6574FDC0-8091-4A49-9CA3-3B5F53F9931E}.Ad-Hoc|Any CPU.Build.0 = Debug|Any CPU
		{6574FDC0-8091-4A49-9CA3-3B5F53F9931E}.Ad-Hoc|Any CPU.Deploy.0 = Debug|Any CPU
		{6574FDC0-8091-4A49-9CA3-3B5F53F9931E}.Ad-Hoc|iPhone.ActiveCfg = Debug|Any CPU
		{6574FDC0-8091-4A49-9CA3-3B5F53F9931E}.Ad-Hoc|iPhone.Build.0 = Debug|Any CPU
		{6574FDC0-8091-4A49-9CA3-3B5F53F9931E}.Ad-Hoc|iPhone.Deploy.0 = Debug|Any CPU
		{6574FDC0-8091-4A49-9CA3-3B5F53F9931E}.Ad-Hoc|iPhoneSimulator.ActiveCfg = Debug|Any CPU
		{6574FDC0-8091-4A49-9CA3-3B5F53F9931E}.Ad-Hoc|iPhoneSimulator.Build.0 = Debug|Any CPU
		{6574FDC0-8091-4A49-9CA3-3B5F53F9931E}.Ad-Hoc|iPhoneSimulator.Deploy.0 = Debug|Any CPU
		{6574FDC0-8091-4A49-9CA3-3B5F53F9931E}.AppStore|Any CPU.ActiveCfg = Debug|Any CPU
		{6574FDC0-8091-4A49-9CA3-3B5F53F9931E}.AppStore|Any CPU.Build.0 = Debug|Any CPU
		{6574FDC0-8091-4A49-9CA3-3B5F53F9931E}.AppStore|Any CPU.Deploy.0 = Debug|Any CPU
		{6574FDC0-8091-4A49-9CA3-3B5F53F9931E}.AppStore|iPhone.ActiveCfg = Debug|Any CPU
		{6574FDC0-8091-4A49-9CA3-3B5F53F9931E}.AppStore|iPhone.Build.0 = Debug|Any CPU
		{6574FDC0-8091-4A49-9CA3-3B5F53F9931E}.AppStore|iPhone.Deploy.0 = Debug|Any CPU
		{6574FDC0-8091-4A49-9CA3-3B5F53F9931E}.AppStore|iPhoneSimulator.ActiveCfg = Debug|Any CPU
		{6574FDC0-8091-4A49-9CA3-3B5F53F9931E}.AppStore|iPhoneSimulator.Build.0 = Debug|Any CPU
		{6574FDC0-8091-4A49-9CA3-3B5F53F9931E}.AppStore|iPhoneSimulator.Deploy.0 = Debug|Any CPU
		{6574FDC0-8091-4A49-9CA3-3B5F53F9931E}.Debug|Any CPU.ActiveCfg = Debug|Any CPU
		{6574FDC0-8091-4A49-9CA3-3B5F53F9931E}.Debug|Any CPU.Build.0 = Debug|Any CPU
		{6574FDC0-8091-4A49-9CA3-3B5F53F9931E}.Debug|Any CPU.Deploy.0 = Debug|Any CPU
		{6574FDC0-8091-4A49-9CA3-3B5F53F9931E}.Debug|iPhone.ActiveCfg = Debug|Any CPU
		{6574FDC0-8091-4A49-9CA3-3B5F53F9931E}.Debug|iPhone.Build.0 = Debug|Any CPU
		{6574FDC0-8091-4A49-9CA3-3B5F53F9931E}.Debug|iPhone.Deploy.0 = Debug|Any CPU
		{6574FDC0-8091-4A49-9CA3-3B5F53F9931E}.Debug|iPhoneSimulator.ActiveCfg = Debug|Any CPU
		{6574FDC0-8091-4A49-9CA3-3B5F53F9931E}.Debug|iPhoneSimulator.Build.0 = Debug|Any CPU
		{6574FDC0-8091-4A49-9CA3-3B5F53F9931E}.Debug|iPhoneSimulator.Deploy.0 = Debug|Any CPU
		{6574FDC0-8091-4A49-9CA3-3B5F53F9931E}.Release|Any CPU.ActiveCfg = Release|Any CPU
		{6574FDC0-8091-4A49-9CA3-3B5F53F9931E}.Release|Any CPU.Build.0 = Release|Any CPU
		{6574FDC0-8091-4A49-9CA3-3B5F53F9931E}.Release|Any CPU.Deploy.0 = Release|Any CPU
		{6574FDC0-8091-4A49-9CA3-3B5F53F9931E}.Release|iPhone.ActiveCfg = Release|Any CPU
		{6574FDC0-8091-4A49-9CA3-3B5F53F9931E}.Release|iPhone.Build.0 = Release|Any CPU
		{6574FDC0-8091-4A49-9CA3-3B5F53F9931E}.Release|iPhone.Deploy.0 = Release|Any CPU
		{6574FDC0-8091-4A49-9CA3-3B5F53F9931E}.Release|iPhoneSimulator.ActiveCfg = Release|Any CPU
		{6574FDC0-8091-4A49-9CA3-3B5F53F9931E}.Release|iPhoneSimulator.Build.0 = Release|Any CPU
		{6574FDC0-8091-4A49-9CA3-3B5F53F9931E}.Release|iPhoneSimulator.Deploy.0 = Release|Any CPU
	EndGlobalSection
	GlobalSection(SolutionProperties) = preSolution
		HideSolutionNode = FALSE
	EndGlobalSection
	GlobalSection(ExtensibilityGlobals) = postSolution
		SolutionGuid = {98939486-5026-45CE-9021-E63F3817AFF2}
	EndGlobalSection
EndGlobal
