
Microsoft Visual Studio Solution File, Format Version 12.00
# Visual Studio 15
VisualStudioVersion = 15.0.28307.852
MinimumVisualStudioVersion = 10.0.40219.1
Project("{FAE04EC0-301F-11D3-BF4B-00C04F79EFBC}") = "Calculator.Android", "Calculator\Calculator.Android\Calculator.Android.csproj", "{7F78BA80-B1C0-48D0-AA36-C8C6F3B2C879}"
EndProject
Project("{FAE04EC0-301F-11D3-BF4B-00C04F79EFBC}") = "Calculator.iOS", "Calculator\Calculator.iOS\Calculator.iOS.csproj", "{5F00A098-EDC9-4651-8148-E96A68041D0C}"
EndProject
Project("{FAE04EC0-301F-11D3-BF4B-00C04F79EFBC}") = "Calculator", "Calculator\Calculator\Calculator.csproj", "{FDD92FBE-DD1F-429F-A4B1-8B9AC4004068}"
EndProject
Global
	GlobalSection(SolutionConfigurationPlatforms) = preSolution
		Ad-Hoc|Any CPU = Ad-Hoc|Any CPU
		Ad-Hoc|iPhone = Ad-Hoc|iPhone
		Ad-Hoc|iPhoneSimulator = Ad-Hoc|iPhoneSimulator
		AppStore|Any CPU = AppStore|Any CPU
		AppStore|iPhone = AppStore|iPhone
		AppStore|iPhoneSimulator = AppStore|iPhoneSimulator
		Debug|Any CPU = Debug|Any CPU
		Debug|iPhone = Debug|iPhone
		Debug|iPhoneSimulator = Debug|iPhoneSimulator
		Release|Any CPU = Release|Any CPU
		Release|iPhone = Release|iPhone
		Release|iPhoneSimulator = Release|iPhoneSimulator
	EndGlobalSection
	GlobalSection(ProjectConfigurationPlatforms) = postSolution
		{7F78BA80-B1C0-48D0-AA36-C8C6F3B2C879}.Ad-Hoc|Any CPU.ActiveCfg = Release|Any CPU
		{7F78BA80-B1C0-48D0-AA36-C8C6F3B2C879}.Ad-Hoc|Any CPU.Build.0 = Release|Any CPU
		{7F78BA80-B1C0-48D0-AA36-C8C6F3B2C879}.Ad-Hoc|Any CPU.Deploy.0 = Release|Any CPU
		{7F78BA80-B1C0-48D0-AA36-C8C6F3B2C879}.Ad-Hoc|iPhone.ActiveCfg = Release|Any CPU
		{7F78BA80-B1C0-48D0-AA36-C8C6F3B2C879}.Ad-Hoc|iPhone.Build.0 = Release|Any CPU
		{7F78BA80-B1C0-48D0-AA36-C8C6F3B2C879}.Ad-Hoc|iPhone.Deploy.0 = Release|Any CPU
		{7F78BA80-B1C0-48D0-AA36-C8C6F3B2C879}.Ad-Hoc|iPhoneSimulator.ActiveCfg = Release|Any CPU
		{7F78BA80-B1C0-48D0-AA36-C8C6F3B2C879}.Ad-Hoc|iPhoneSimulator.Build.0 = Release|Any CPU
		{7F78BA80-B1C0-48D0-AA36-C8C6F3B2C879}.Ad-Hoc|iPhoneSimulator.Deploy.0 = Release|Any CPU
		{7F78BA80-B1C0-48D0-AA36-C8C6F3B2C879}.AppStore|Any CPU.ActiveCfg = Release|Any CPU
		{7F78BA80-B1C0-48D0-AA36-C8C6F3B2C879}.AppStore|Any CPU.Build.0 = Release|Any CPU
		{7F78BA80-B1C0-48D0-AA36-C8C6F3B2C879}.AppStore|Any CPU.Deploy.0 = Release|Any CPU
		{7F78BA80-B1C0-48D0-AA36-C8C6F3B2C879}.AppStore|iPhone.ActiveCfg = Release|Any CPU
		{7F78BA80-B1C0-48D0-AA36-C8C6F3B2C879}.AppStore|iPhone.Build.0 = Release|Any CPU
		{7F78BA80-B1C0-48D0-AA36-C8C6F3B2C879}.AppStore|iPhone.Deploy.0 = Release|Any CPU
		{7F78BA80-B1C0-48D0-AA36-C8C6F3B2C879}.AppStore|iPhoneSimulator.ActiveCfg = Release|Any CPU
		{7F78BA80-B1C0-48D0-AA36-C8C6F3B2C879}.AppStore|iPhoneSimulator.Build.0 = Release|Any CPU
		{7F78BA80-B1C0-48D0-AA36-C8C6F3B2C879}.AppStore|iPhoneSimulator.Deploy.0 = Release|Any CPU
		{7F78BA80-B1C0-48D0-AA36-C8C6F3B2C879}.Debug|Any CPU.ActiveCfg = Debug|Any CPU
		{7F78BA80-B1C0-48D0-AA36-C8C6F3B2C879}.Debug|Any CPU.Build.0 = Debug|Any CPU
		{7F78BA80-B1C0-48D0-AA36-C8C6F3B2C879}.Debug|Any CPU.Deploy.0 = Debug|Any CPU
		{7F78BA80-B1C0-48D0-AA36-C8C6F3B2C879}.Debug|iPhone.ActiveCfg = Debug|Any CPU
		{7F78BA80-B1C0-48D0-AA36-C8C6F3B2C879}.Debug|iPhone.Build.0 = Debug|Any CPU
		{7F78BA80-B1C0-48D0-AA36-C8C6F3B2C879}.Debug|iPhone.Deploy.0 = Debug|Any CPU
		{7F78BA80-B1C0-48D0-AA36-C8C6F3B2C879}.Debug|iPhoneSimulator.ActiveCfg = Debug|Any CPU
		{7F78BA80-B1C0-48D0-AA36-C8C6F3B2C879}.Debug|iPhoneSimulator.Build.0 = Debug|Any CPU
		{7F78BA80-B1C0-48D0-AA36-C8C6F3B2C879}.Debug|iPhoneSimulator.Deploy.0 = Debug|Any CPU
		{7F78BA80-B1C0-48D0-AA36-C8C6F3B2C879}.Release|Any CPU.ActiveCfg = Release|Any CPU
		{7F78BA80-B1C0-48D0-AA36-C8C6F3B2C879}.Release|Any CPU.Build.0 = Release|Any CPU
		{7F78BA80-B1C0-48D0-AA36-C8C6F3B2C879}.Release|Any CPU.Deploy.0 = Release|Any CPU
		{7F78BA80-B1C0-48D0-AA36-C8C6F3B2C879}.Release|iPhone.ActiveCfg = Release|Any CPU
		{7F78BA80-B1C0-48D0-AA36-C8C6F3B2C879}.Release|iPhone.Build.0 = Release|Any CPU
		{7F78BA80-B1C0-48D0-AA36-C8C6F3B2C879}.Release|iPhone.Deploy.0 = Release|Any CPU
		{7F78BA80-B1C0-48D0-AA36-C8C6F3B2C879}.Release|iPhoneSimulator.ActiveCfg = Release|Any CPU
		{7F78BA80-B1C0-48D0-AA36-C8C6F3B2C879}.Release|iPhoneSimulator.Build.0 = Release|Any CPU
		{7F78BA80-B1C0-48D0-AA36-C8C6F3B2C879}.Release|iPhoneSimulator.Deploy.0 = Release|Any CPU
		{5F00A098-EDC9-4651-8148-E96A68041D0C}.Ad-Hoc|Any CPU.ActiveCfg = Ad-Hoc|iPhone
		{5F00A098-EDC9-4651-8148-E96A68041D0C}.Ad-Hoc|Any CPU.Build.0 = Ad-Hoc|iPhone
		{5F00A098-EDC9-4651-8148-E96A68041D0C}.Ad-Hoc|Any CPU.Deploy.0 = Ad-Hoc|iPhone
		{5F00A098-EDC9-4651-8148-E96A68041D0C}.Ad-Hoc|iPhone.ActiveCfg = Ad-Hoc|iPhone
		{5F00A098-EDC9-4651-8148-E96A68041D0C}.Ad-Hoc|iPhone.Build.0 = Ad-Hoc|iPhone
		{5F00A098-EDC9-4651-8148-E96A68041D0C}.Ad-Hoc|iPhone.Deploy.0 = Ad-Hoc|iPhone
		{5F00A098-EDC9-4651-8148-E96A68041D0C}.Ad-Hoc|iPhoneSimulator.ActiveCfg = Ad-Hoc|iPhoneSimulator
		{5F00A098-EDC9-4651-8148-E96A68041D0C}.Ad-Hoc|iPhoneSimulator.Build.0 = Ad-Hoc|iPhoneSimulator
		{5F00A098-EDC9-4651-8148-E96A68041D0C}.Ad-Hoc|iPhoneSimulator.Deploy.0 = Ad-Hoc|iPhoneSimulator
		{5F00A098-EDC9-4651-8148-E96A68041D0C}.AppStore|Any CPU.ActiveCfg = AppStore|iPhone
		{5F00A098-EDC9-4651-8148-E96A68041D0C}.AppStore|Any CPU.Build.0 = AppStore|iPhone
		{5F00A098-EDC9-4651-8148-E96A68041D0C}.AppStore|Any CPU.Deploy.0 = AppStore|iPhone
		{5F00A098-EDC9-4651-8148-E96A68041D0C}.AppStore|iPhone.ActiveCfg = AppStore|iPhone
		{5F00A098-EDC9-4651-8148-E96A68041D0C}.AppStore|iPhone.Build.0 = AppStore|iPhone
		{5F00A098-EDC9-4651-8148-E96A68041D0C}.AppStore|iPhone.Deploy.0 = AppStore|iPhone
		{5F00A098-EDC9-4651-8148-E96A68041D0C}.AppStore|iPhoneSimulator.ActiveCfg = AppStore|iPhoneSimulator
		{5F00A098-EDC9-4651-8148-E96A68041D0C}.AppStore|iPhoneSimulator.Build.0 = AppStore|iPhoneSimulator
		{5F00A098-EDC9-4651-8148-E96A68041D0C}.AppStore|iPhoneSimulator.Deploy.0 = AppStore|iPhoneSimulator
		{5F00A098-EDC9-4651-8148-E96A68041D0C}.Debug|Any CPU.ActiveCfg = Debug|iPhoneSimulator
		{5F00A098-EDC9-4651-8148-E96A68041D0C}.Debug|Any CPU.Build.0 = Debug|iPhoneSimulator
		{5F00A098-EDC9-4651-8148-E96A68041D0C}.Debug|Any CPU.Deploy.0 = Debug|iPhoneSimulator
		{5F00A098-EDC9-4651-8148-E96A68041D0C}.Debug|iPhone.ActiveCfg = Debug|iPhone
		{5F00A098-EDC9-4651-8148-E96A68041D0C}.Debug|iPhone.Build.0 = Debug|iPhone
		{5F00A098-EDC9-4651-8148-E96A68041D0C}.Debug|iPhone.Deploy.0 = Debug|iPhone
		{5F00A098-EDC9-4651-8148-E96A68041D0C}.Debug|iPhoneSimulator.ActiveCfg = Debug|iPhoneSimulator
		{5F00A098-EDC9-4651-8148-E96A68041D0C}.Debug|iPhoneSimulator.Build.0 = Debug|iPhoneSimulator
		{5F00A098-EDC9-4651-8148-E96A68041D0C}.Debug|iPhoneSimulator.Deploy.0 = Debug|iPhoneSimulator
		{5F00A098-EDC9-4651-8148-E96A68041D0C}.Release|Any CPU.ActiveCfg = Release|iPhone
		{5F00A098-EDC9-4651-8148-E96A68041D0C}.Release|Any CPU.Build.0 = Release|iPhone
		{5F00A098-EDC9-4651-8148-E96A68041D0C}.Release|Any CPU.Deploy.0 = Release|iPhone
		{5F00A098-EDC9-4651-8148-E96A68041D0C}.Release|iPhone.ActiveCfg = Release|iPhone
		{5F00A098-EDC9-4651-8148-E96A68041D0C}.Release|iPhone.Build.0 = Release|iPhone
		{5F00A098-EDC9-4651-8148-E96A68041D0C}.Release|iPhone.Deploy.0 = Release|iPhone
		{5F00A098-EDC9-4651-8148-E96A68041D0C}.Release|iPhoneSimulator.ActiveCfg = Release|iPhoneSimulator
		{5F00A098-EDC9-4651-8148-E96A68041D0C}.Release|iPhoneSimulator.Build.0 = Release|iPhoneSimulator
		{5F00A098-EDC9-4651-8148-E96A68041D0C}.Release|iPhoneSimulator.Deploy.0 = Release|iPhoneSimulator
		{FDD92FBE-DD1F-429F-A4B1-8B9AC4004068}.Ad-Hoc|Any CPU.ActiveCfg = Debug|Any CPU
		{FDD92FBE-DD1F-429F-A4B1-8B9AC4004068}.Ad-Hoc|Any CPU.Build.0 = Debug|Any CPU
		{FDD92FBE-DD1F-429F-A4B1-8B9AC4004068}.Ad-Hoc|Any CPU.Deploy.0 = Debug|Any CPU
		{FDD92FBE-DD1F-429F-A4B1-8B9AC4004068}.Ad-Hoc|iPhone.ActiveCfg = Debug|Any CPU
		{FDD92FBE-DD1F-429F-A4B1-8B9AC4004068}.Ad-Hoc|iPhone.Build.0 = Debug|Any CPU
		{FDD92FBE-DD1F-429F-A4B1-8B9AC4004068}.Ad-Hoc|iPhone.Deploy.0 = Debug|Any CPU
		{FDD92FBE-DD1F-429F-A4B1-8B9AC4004068}.Ad-Hoc|iPhoneSimulator.ActiveCfg = Debug|Any CPU
		{FDD92FBE-DD1F-429F-A4B1-8B9AC4004068}.Ad-Hoc|iPhoneSimulator.Build.0 = Debug|Any CPU
		{FDD92FBE-DD1F-429F-A4B1-8B9AC4004068}.Ad-Hoc|iPhoneSimulator.Deploy.0 = Debug|Any CPU
		{FDD92FBE-DD1F-429F-A4B1-8B9AC4004068}.AppStore|Any CPU.ActiveCfg = Debug|Any CPU
		{FDD92FBE-DD1F-429F-A4B1-8B9AC4004068}.AppStore|Any CPU.Build.0 = Debug|Any CPU
		{FDD92FBE-DD1F-429F-A4B1-8B9AC4004068}.AppStore|Any CPU.Deploy.0 = Debug|Any CPU
		{FDD92FBE-DD1F-429F-A4B1-8B9AC4004068}.AppStore|iPhone.ActiveCfg = Debug|Any CPU
		{FDD92FBE-DD1F-429F-A4B1-8B9AC4004068}.AppStore|iPhone.Build.0 = Debug|Any CPU
		{FDD92FBE-DD1F-429F-A4B1-8B9AC4004068}.AppStore|iPhone.Deploy.0 = Debug|Any CPU
		{FDD92FBE-DD1F-429F-A4B1-8B9AC4004068}.AppStore|iPhoneSimulator.ActiveCfg = Debug|Any CPU
		{FDD92FBE-DD1F-429F-A4B1-8B9AC4004068}.AppStore|iPhoneSimulator.Build.0 = Debug|Any CPU
		{FDD92FBE-DD1F-429F-A4B1-8B9AC4004068}.AppStore|iPhoneSimulator.Deploy.0 = Debug|Any CPU
		{FDD92FBE-DD1F-429F-A4B1-8B9AC4004068}.Debug|Any CPU.ActiveCfg = Debug|Any CPU
		{FDD92FBE-DD1F-429F-A4B1-8B9AC4004068}.Debug|Any CPU.Build.0 = Debug|Any CPU
		{FDD92FBE-DD1F-429F-A4B1-8B9AC4004068}.Debug|Any CPU.Deploy.0 = Debug|Any CPU
		{FDD92FBE-DD1F-429F-A4B1-8B9AC4004068}.Debug|iPhone.ActiveCfg = Debug|Any CPU
		{FDD92FBE-DD1F-429F-A4B1-8B9AC4004068}.Debug|iPhone.Build.0 = Debug|Any CPU
		{FDD92FBE-DD1F-429F-A4B1-8B9AC4004068}.Debug|iPhone.Deploy.0 = Debug|Any CPU
		{FDD92FBE-DD1F-429F-A4B1-8B9AC4004068}.Debug|iPhoneSimulator.ActiveCfg = Debug|Any CPU
		{FDD92FBE-DD1F-429F-A4B1-8B9AC4004068}.Debug|iPhoneSimulator.Build.0 = Debug|Any CPU
		{FDD92FBE-DD1F-429F-A4B1-8B9AC4004068}.Debug|iPhoneSimulator.Deploy.0 = Debug|Any CPU
		{FDD92FBE-DD1F-429F-A4B1-8B9AC4004068}.Release|Any CPU.ActiveCfg = Release|Any CPU
		{FDD92FBE-DD1F-429F-A4B1-8B9AC4004068}.Release|Any CPU.Build.0 = Release|Any CPU
		{FDD92FBE-DD1F-429F-A4B1-8B9AC4004068}.Release|Any CPU.Deploy.0 = Release|Any CPU
		{FDD92FBE-DD1F-429F-A4B1-8B9AC4004068}.Release|iPhone.ActiveCfg = Release|Any CPU
		{FDD92FBE-DD1F-429F-A4B1-8B9AC4004068}.Release|iPhone.Build.0 = Release|Any CPU
		{FDD92FBE-DD1F-429F-A4B1-8B9AC4004068}.Release|iPhone.Deploy.0 = Release|Any CPU
		{FDD92FBE-DD1F-429F-A4B1-8B9AC4004068}.Release|iPhoneSimulator.ActiveCfg = Release|Any CPU
		{FDD92FBE-DD1F-429F-A4B1-8B9AC4004068}.Release|iPhoneSimulator.Build.0 = Release|Any CPU
		{FDD92FBE-DD1F-429F-A4B1-8B9AC4004068}.Release|iPhoneSimulator.Deploy.0 = Release|Any CPU
	EndGlobalSection
	GlobalSection(SolutionProperties) = preSolution
		HideSolutionNode = FALSE
	EndGlobalSection
	GlobalSection(ExtensibilityGlobals) = postSolution
		SolutionGuid = {4F4A10FB-515C-4799-838D-C553EC94FEA6}
	EndGlobalSection
EndGlobal
