
Microsoft Visual Studio Solution File, Format Version 12.00
# Visual Studio 15
VisualStudioVersion = 15.0.28307.852
MinimumVisualStudioVersion = 10.0.40219.1
Project("{FAE04EC0-301F-11D3-BF4B-00C04F79EFBC}") = "MH_Chao.Android", "MH_Chao\MH_Chao.Android\MH_Chao.Android.csproj", "{E93A58CF-F91D-4ED0-9AEC-46D6BBC20531}"
EndProject
Project("{FAE04EC0-301F-11D3-BF4B-00C04F79EFBC}") = "MH_Chao.iOS", "MH_Chao\MH_Chao.iOS\MH_Chao.iOS.csproj", "{2320A829-E558-4AF1-98F1-DAE55ACDCA95}"
EndProject
Project("{FAE04EC0-301F-11D3-BF4B-00C04F79EFBC}") = "MH_Chao", "MH_Chao\MH_Chao\MH_Chao.csproj", "{F690AC4B-4141-4EE1-95A2-C8A48457F6D2}"
EndProject
Global
	GlobalSection(SolutionConfigurationPlatforms) = preSolution
		Ad-Hoc|Any CPU = Ad-Hoc|Any CPU
		Ad-Hoc|iPhone = Ad-Hoc|iPhone
		Ad-Hoc|iPhoneSimulator = Ad-Hoc|iPhoneSimulator
		AppStore|Any CPU = AppStore|Any CPU
		AppStore|iPhone = AppStore|iPhone
		AppStore|iPhoneSimulator = AppStore|iPhoneSimulator
		Debug|Any CPU = Debug|Any CPU
		Debug|iPhone = Debug|iPhone
		Debug|iPhoneSimulator = Debug|iPhoneSimulator
		Release|Any CPU = Release|Any CPU
		Release|iPhone = Release|iPhone
		Release|iPhoneSimulator = Release|iPhoneSimulator
	EndGlobalSection
	GlobalSection(ProjectConfigurationPlatforms) = postSolution
		{E93A58CF-F91D-4ED0-9AEC-46D6BBC20531}.Ad-Hoc|Any CPU.ActiveCfg = Release|Any CPU
		{E93A58CF-F91D-4ED0-9AEC-46D6BBC20531}.Ad-Hoc|Any CPU.Build.0 = Release|Any CPU
		{E93A58CF-F91D-4ED0-9AEC-46D6BBC20531}.Ad-Hoc|Any CPU.Deploy.0 = Release|Any CPU
		{E93A58CF-F91D-4ED0-9AEC-46D6BBC20531}.Ad-Hoc|iPhone.ActiveCfg = Release|Any CPU
		{E93A58CF-F91D-4ED0-9AEC-46D6BBC20531}.Ad-Hoc|iPhone.Build.0 = Release|Any CPU
		{E93A58CF-F91D-4ED0-9AEC-46D6BBC20531}.Ad-Hoc|iPhone.Deploy.0 = Release|Any CPU
		{E93A58CF-F91D-4ED0-9AEC-46D6BBC20531}.Ad-Hoc|iPhoneSimulator.ActiveCfg = Release|Any CPU
		{E93A58CF-F91D-4ED0-9AEC-46D6BBC20531}.Ad-Hoc|iPhoneSimulator.Build.0 = Release|Any CPU
		{E93A58CF-F91D-4ED0-9AEC-46D6BBC20531}.Ad-Hoc|iPhoneSimulator.Deploy.0 = Release|Any CPU
		{E93A58CF-F91D-4ED0-9AEC-46D6BBC20531}.AppStore|Any CPU.ActiveCfg = Release|Any CPU
		{E93A58CF-F91D-4ED0-9AEC-46D6BBC20531}.AppStore|Any CPU.Build.0 = Release|Any CPU
		{E93A58CF-F91D-4ED0-9AEC-46D6BBC20531}.AppStore|Any CPU.Deploy.0 = Release|Any CPU
		{E93A58CF-F91D-4ED0-9AEC-46D6BBC20531}.AppStore|iPhone.ActiveCfg = Release|Any CPU
		{E93A58CF-F91D-4ED0-9AEC-46D6BBC20531}.AppStore|iPhone.Build.0 = Release|Any CPU
		{E93A58CF-F91D-4ED0-9AEC-46D6BBC20531}.AppStore|iPhone.Deploy.0 = Release|Any CPU
		{E93A58CF-F91D-4ED0-9AEC-46D6BBC20531}.AppStore|iPhoneSimulator.ActiveCfg = Release|Any CPU
		{E93A58CF-F91D-4ED0-9AEC-46D6BBC20531}.AppStore|iPhoneSimulator.Build.0 = Release|Any CPU
		{E93A58CF-F91D-4ED0-9AEC-46D6BBC20531}.AppStore|iPhoneSimulator.Deploy.0 = Release|Any CPU
		{E93A58CF-F91D-4ED0-9AEC-46D6BBC20531}.Debug|Any CPU.ActiveCfg = Debug|Any CPU
		{E93A58CF-F91D-4ED0-9AEC-46D6BBC20531}.Debug|Any CPU.Build.0 = Debug|Any CPU
		{E93A58CF-F91D-4ED0-9AEC-46D6BBC20531}.Debug|Any CPU.Deploy.0 = Debug|Any CPU
		{E93A58CF-F91D-4ED0-9AEC-46D6BBC20531}.Debug|iPhone.ActiveCfg = Debug|Any CPU
		{E93A58CF-F91D-4ED0-9AEC-46D6BBC20531}.Debug|iPhone.Build.0 = Debug|Any CPU
		{E93A58CF-F91D-4ED0-9AEC-46D6BBC20531}.Debug|iPhone.Deploy.0 = Debug|Any CPU
		{E93A58CF-F91D-4ED0-9AEC-46D6BBC20531}.Debug|iPhoneSimulator.ActiveCfg = Debug|Any CPU
		{E93A58CF-F91D-4ED0-9AEC-46D6BBC20531}.Debug|iPhoneSimulator.Build.0 = Debug|Any CPU
		{E93A58CF-F91D-4ED0-9AEC-46D6BBC20531}.Debug|iPhoneSimulator.Deploy.0 = Debug|Any CPU
		{E93A58CF-F91D-4ED0-9AEC-46D6BBC20531}.Release|Any CPU.ActiveCfg = Release|Any CPU
		{E93A58CF-F91D-4ED0-9AEC-46D6BBC20531}.Release|Any CPU.Build.0 = Release|Any CPU
		{E93A58CF-F91D-4ED0-9AEC-46D6BBC20531}.Release|Any CPU.Deploy.0 = Release|Any CPU
		{E93A58CF-F91D-4ED0-9AEC-46D6BBC20531}.Release|iPhone.ActiveCfg = Release|Any CPU
		{E93A58CF-F91D-4ED0-9AEC-46D6BBC20531}.Release|iPhone.Build.0 = Release|Any CPU
		{E93A58CF-F91D-4ED0-9AEC-46D6BBC20531}.Release|iPhone.Deploy.0 = Release|Any CPU
		{E93A58CF-F91D-4ED0-9AEC-46D6BBC20531}.Release|iPhoneSimulator.ActiveCfg = Release|Any CPU
		{E93A58CF-F91D-4ED0-9AEC-46D6BBC20531}.Release|iPhoneSimulator.Build.0 = Release|Any CPU
		{E93A58CF-F91D-4ED0-9AEC-46D6BBC20531}.Release|iPhoneSimulator.Deploy.0 = Release|Any CPU
		{2320A829-E558-4AF1-98F1-DAE55ACDCA95}.Ad-Hoc|Any CPU.ActiveCfg = Ad-Hoc|iPhone
		{2320A829-E558-4AF1-98F1-DAE55ACDCA95}.Ad-Hoc|Any CPU.Build.0 = Ad-Hoc|iPhone
		{2320A829-E558-4AF1-98F1-DAE55ACDCA95}.Ad-Hoc|Any CPU.Deploy.0 = Ad-Hoc|iPhone
		{2320A829-E558-4AF1-98F1-DAE55ACDCA95}.Ad-Hoc|iPhone.ActiveCfg = Ad-Hoc|iPhone
		{2320A829-E558-4AF1-98F1-DAE55ACDCA95}.Ad-Hoc|iPhone.Build.0 = Ad-Hoc|iPhone
		{2320A829-E558-4AF1-98F1-DAE55ACDCA95}.Ad-Hoc|iPhone.Deploy.0 = Ad-Hoc|iPhone
		{2320A829-E558-4AF1-98F1-DAE55ACDCA95}.Ad-Hoc|iPhoneSimulator.ActiveCfg = Ad-Hoc|iPhoneSimulator
		{2320A829-E558-4AF1-98F1-DAE55ACDCA95}.Ad-Hoc|iPhoneSimulator.Build.0 = Ad-Hoc|iPhoneSimulator
		{2320A829-E558-4AF1-98F1-DAE55ACDCA95}.Ad-Hoc|iPhoneSimulator.Deploy.0 = Ad-Hoc|iPhoneSimulator
		{2320A829-E558-4AF1-98F1-DAE55ACDCA95}.AppStore|Any CPU.ActiveCfg = AppStore|iPhone
		{2320A829-E558-4AF1-98F1-DAE55ACDCA95}.AppStore|Any CPU.Build.0 = AppStore|iPhone
		{2320A829-E558-4AF1-98F1-DAE55ACDCA95}.AppStore|Any CPU.Deploy.0 = AppStore|iPhone
		{2320A829-E558-4AF1-98F1-DAE55ACDCA95}.AppStore|iPhone.ActiveCfg = AppStore|iPhone
		{2320A829-E558-4AF1-98F1-DAE55ACDCA95}.AppStore|iPhone.Build.0 = AppStore|iPhone
		{2320A829-E558-4AF1-98F1-DAE55ACDCA95}.AppStore|iPhone.Deploy.0 = AppStore|iPhone
		{2320A829-E558-4AF1-98F1-DAE55ACDCA95}.AppStore|iPhoneSimulator.ActiveCfg = AppStore|iPhoneSimulator
		{2320A829-E558-4AF1-98F1-DAE55ACDCA95}.AppStore|iPhoneSimulator.Build.0 = AppStore|iPhoneSimulator
		{2320A829-E558-4AF1-98F1-DAE55ACDCA95}.AppStore|iPhoneSimulator.Deploy.0 = AppStore|iPhoneSimulator
		{2320A829-E558-4AF1-98F1-DAE55ACDCA95}.Debug|Any CPU.ActiveCfg = Debug|iPhoneSimulator
		{2320A829-E558-4AF1-98F1-DAE55ACDCA95}.Debug|Any CPU.Build.0 = Debug|iPhoneSimulator
		{2320A829-E558-4AF1-98F1-DAE55ACDCA95}.Debug|Any CPU.Deploy.0 = Debug|iPhoneSimulator
		{2320A829-E558-4AF1-98F1-DAE55ACDCA95}.Debug|iPhone.ActiveCfg = Debug|iPhone
		{2320A829-E558-4AF1-98F1-DAE55ACDCA95}.Debug|iPhone.Build.0 = Debug|iPhone
		{2320A829-E558-4AF1-98F1-DAE55ACDCA95}.Debug|iPhone.Deploy.0 = Debug|iPhone
		{2320A829-E558-4AF1-98F1-DAE55ACDCA95}.Debug|iPhoneSimulator.ActiveCfg = Debug|iPhoneSimulator
		{2320A829-E558-4AF1-98F1-DAE55ACDCA95}.Debug|iPhoneSimulator.Build.0 = Debug|iPhoneSimulator
		{2320A829-E558-4AF1-98F1-DAE55ACDCA95}.Debug|iPhoneSimulator.Deploy.0 = Debug|iPhoneSimulator
		{2320A829-E558-4AF1-98F1-DAE55ACDCA95}.Release|Any CPU.ActiveCfg = Release|iPhone
		{2320A829-E558-4AF1-98F1-DAE55ACDCA95}.Release|Any CPU.Build.0 = Release|iPhone
		{2320A829-E558-4AF1-98F1-DAE55ACDCA95}.Release|Any CPU.Deploy.0 = Release|iPhone
		{2320A829-E558-4AF1-98F1-DAE55ACDCA95}.Release|iPhone.ActiveCfg = Release|iPhone
		{2320A829-E558-4AF1-98F1-DAE55ACDCA95}.Release|iPhone.Build.0 = Release|iPhone
		{2320A829-E558-4AF1-98F1-DAE55ACDCA95}.Release|iPhone.Deploy.0 = Release|iPhone
		{2320A829-E558-4AF1-98F1-DAE55ACDCA95}.Release|iPhoneSimulator.ActiveCfg = Release|iPhoneSimulator
		{2320A829-E558-4AF1-98F1-DAE55ACDCA95}.Release|iPhoneSimulator.Build.0 = Release|iPhoneSimulator
		{2320A829-E558-4AF1-98F1-DAE55ACDCA95}.Release|iPhoneSimulator.Deploy.0 = Release|iPhoneSimulator
		{F690AC4B-4141-4EE1-95A2-C8A48457F6D2}.Ad-Hoc|Any CPU.ActiveCfg = Debug|Any CPU
		{F690AC4B-4141-4EE1-95A2-C8A48457F6D2}.Ad-Hoc|Any CPU.Build.0 = Debug|Any CPU
		{F690AC4B-4141-4EE1-95A2-C8A48457F6D2}.Ad-Hoc|Any CPU.Deploy.0 = Debug|Any CPU
		{F690AC4B-4141-4EE1-95A2-C8A48457F6D2}.Ad-Hoc|iPhone.ActiveCfg = Debug|Any CPU
		{F690AC4B-4141-4EE1-95A2-C8A48457F6D2}.Ad-Hoc|iPhone.Build.0 = Debug|Any CPU
		{F690AC4B-4141-4EE1-95A2-C8A48457F6D2}.Ad-Hoc|iPhone.Deploy.0 = Debug|Any CPU
		{F690AC4B-4141-4EE1-95A2-C8A48457F6D2}.Ad-Hoc|iPhoneSimulator.ActiveCfg = Debug|Any CPU
		{F690AC4B-4141-4EE1-95A2-C8A48457F6D2}.Ad-Hoc|iPhoneSimulator.Build.0 = Debug|Any CPU
		{F690AC4B-4141-4EE1-95A2-C8A48457F6D2}.Ad-Hoc|iPhoneSimulator.Deploy.0 = Debug|Any CPU
		{F690AC4B-4141-4EE1-95A2-C8A48457F6D2}.AppStore|Any CPU.ActiveCfg = Debug|Any CPU
		{F690AC4B-4141-4EE1-95A2-C8A48457F6D2}.AppStore|Any CPU.Build.0 = Debug|Any CPU
		{F690AC4B-4141-4EE1-95A2-C8A48457F6D2}.AppStore|Any CPU.Deploy.0 = Debug|Any CPU
		{F690AC4B-4141-4EE1-95A2-C8A48457F6D2}.AppStore|iPhone.ActiveCfg = Debug|Any CPU
		{F690AC4B-4141-4EE1-95A2-C8A48457F6D2}.AppStore|iPhone.Build.0 = Debug|Any CPU
		{F690AC4B-4141-4EE1-95A2-C8A48457F6D2}.AppStore|iPhone.Deploy.0 = Debug|Any CPU
		{F690AC4B-4141-4EE1-95A2-C8A48457F6D2}.AppStore|iPhoneSimulator.ActiveCfg = Debug|Any CPU
		{F690AC4B-4141-4EE1-95A2-C8A48457F6D2}.AppStore|iPhoneSimulator.Build.0 = Debug|Any CPU
		{F690AC4B-4141-4EE1-95A2-C8A48457F6D2}.AppStore|iPhoneSimulator.Deploy.0 = Debug|Any CPU
		{F690AC4B-4141-4EE1-95A2-C8A48457F6D2}.Debug|Any CPU.ActiveCfg = Debug|Any CPU
		{F690AC4B-4141-4EE1-95A2-C8A48457F6D2}.Debug|Any CPU.Build.0 = Debug|Any CPU
		{F690AC4B-4141-4EE1-95A2-C8A48457F6D2}.Debug|Any CPU.Deploy.0 = Debug|Any CPU
		{F690AC4B-4141-4EE1-95A2-C8A48457F6D2}.Debug|iPhone.ActiveCfg = Debug|Any CPU
		{F690AC4B-4141-4EE1-95A2-C8A48457F6D2}.Debug|iPhone.Build.0 = Debug|Any CPU
		{F690AC4B-4141-4EE1-95A2-C8A48457F6D2}.Debug|iPhone.Deploy.0 = Debug|Any CPU
		{F690AC4B-4141-4EE1-95A2-C8A48457F6D2}.Debug|iPhoneSimulator.ActiveCfg = Debug|Any CPU
		{F690AC4B-4141-4EE1-95A2-C8A48457F6D2}.Debug|iPhoneSimulator.Build.0 = Debug|Any CPU
		{F690AC4B-4141-4EE1-95A2-C8A48457F6D2}.Debug|iPhoneSimulator.Deploy.0 = Debug|Any CPU
		{F690AC4B-4141-4EE1-95A2-C8A48457F6D2}.Release|Any CPU.ActiveCfg = Release|Any CPU
		{F690AC4B-4141-4EE1-95A2-C8A48457F6D2}.Release|Any CPU.Build.0 = Release|Any CPU
		{F690AC4B-4141-4EE1-95A2-C8A48457F6D2}.Release|Any CPU.Deploy.0 = Release|Any CPU
		{F690AC4B-4141-4EE1-95A2-C8A48457F6D2}.Release|iPhone.ActiveCfg = Release|Any CPU
		{F690AC4B-4141-4EE1-95A2-C8A48457F6D2}.Release|iPhone.Build.0 = Release|Any CPU
		{F690AC4B-4141-4EE1-95A2-C8A48457F6D2}.Release|iPhone.Deploy.0 = Release|Any CPU
		{F690AC4B-4141-4EE1-95A2-C8A48457F6D2}.Release|iPhoneSimulator.ActiveCfg = Release|Any CPU
		{F690AC4B-4141-4EE1-95A2-C8A48457F6D2}.Release|iPhoneSimulator.Build.0 = Release|Any CPU
		{F690AC4B-4141-4EE1-95A2-C8A48457F6D2}.Release|iPhoneSimulator.Deploy.0 = Release|Any CPU
	EndGlobalSection
	GlobalSection(SolutionProperties) = preSolution
		HideSolutionNode = FALSE
	EndGlobalSection
	GlobalSection(ExtensibilityGlobals) = postSolution
		SolutionGuid = {48A98DE5-E32C-4D3F-ABB1-46B816B0351A}
	EndGlobalSection
EndGlobal
